
Microsoft Visual Studio Solution File, Format Version 12.00
# Visual Studio Version 16
VisualStudioVersion = 16.0.30717.126
MinimumVisualStudioVersion = 10.0.40219.1
Project("{9A19103F-16F7-4668-BE54-9A1E7A4F7556}") = "iCTF Discord Bot", "iCTF Discord Bot\iCTF Discord Bot.csproj", "{42E92019-7EC1-4001-BFC2-A81778671EA3}"
EndProject
Project("{9A19103F-16F7-4668-BE54-9A1E7A4F7556}") = "iCTF Website", "iCTF Website\iCTF Website.csproj", "{88D5EE25-5F00-47CA-8943-BB6252C8EAA1}"
EndProject
Project("{9A19103F-16F7-4668-BE54-9A1E7A4F7556}") = "iCTF Shared Resources", "iCTF Shared Resources\iCTF Shared Resources.csproj", "{0A8A86F7-8610-44D6-B9E9-1FDB82FFE799}"
EndProject
Global
	GlobalSection(SolutionConfigurationPlatforms) = preSolution
		Debug|Any CPU = Debug|Any CPU
		Release|Any CPU = Release|Any CPU
	EndGlobalSection
	GlobalSection(ProjectConfigurationPlatforms) = postSolution
		{42E92019-7EC1-4001-BFC2-A81778671EA3}.Debug|Any CPU.ActiveCfg = Debug|Any CPU
		{42E92019-7EC1-4001-BFC2-A81778671EA3}.Debug|Any CPU.Build.0 = Debug|Any CPU
		{42E92019-7EC1-4001-BFC2-A81778671EA3}.Release|Any CPU.ActiveCfg = Release|Any CPU
		{42E92019-7EC1-4001-BFC2-A81778671EA3}.Release|Any CPU.Build.0 = Release|Any CPU
		{88D5EE25-5F00-47CA-8943-BB6252C8EAA1}.Debug|Any CPU.ActiveCfg = Debug|Any CPU
		{88D5EE25-5F00-47CA-8943-BB6252C8EAA1}.Debug|Any CPU.Build.0 = Debug|Any CPU
		{88D5EE25-5F00-47CA-8943-BB6252C8EAA1}.Release|Any CPU.ActiveCfg = Release|Any CPU
		{88D5EE25-5F00-47CA-8943-BB6252C8EAA1}.Release|Any CPU.Build.0 = Release|Any CPU
		{0A8A86F7-8610-44D6-B9E9-1FDB82FFE799}.Debug|Any CPU.ActiveCfg = Debug|Any CPU
		{0A8A86F7-8610-44D6-B9E9-1FDB82FFE799}.Debug|Any CPU.Build.0 = Debug|Any CPU
		{0A8A86F7-8610-44D6-B9E9-1FDB82FFE799}.Release|Any CPU.ActiveCfg = Release|Any CPU
		{0A8A86F7-8610-44D6-B9E9-1FDB82FFE799}.Release|Any CPU.Build.0 = Release|Any CPU
	EndGlobalSection
	GlobalSection(SolutionProperties) = preSolution
		HideSolutionNode = FALSE
	EndGlobalSection
	GlobalSection(ExtensibilityGlobals) = postSolution
		SolutionGuid = {D37AE2EA-A3C0-493F-8E8E-88F079BC3A7F}
	EndGlobalSection
EndGlobal
